# THIS IS AN AUTOGENERATED FILE. DO NOT EDIT THIS FILE DIRECTLY.
# yarn lockfile v1


prettier-plugin-blade@^2.1.19:
  version "2.1.19"
  resolved "https://registry.yarnpkg.com/prettier-plugin-blade/-/prettier-plugin-blade-2.1.19.tgz#9c2105a9bed08b20a39bab8c54d5fbf725a54d91"
  integrity sha512-bLOrrZmWYZe9IN0EkMUESgOLExCKGJYOgUr+ZOxaOujUK0rirxTPiUYI4wnDZZfX2sI9MHaHCeKTlRnNmiRhAQ==

prettier-plugin-tailwindcss@^0.6.10:
  version "0.6.10"
  resolved "https://registry.yarnpkg.com/prettier-plugin-tailwindcss/-/prettier-plugin-tailwindcss-0.6.10.tgz#ecd6303cdb89b368af4bdf0d4b3653abdd1f23bf"
  integrity sha512-ndj2WLDaMzACnr1gAYZiZZLs5ZdOeBYgOsbBmHj3nvW/6q8h8PymsXiEnKvj/9qgCCAoHyvLOisoQdIcsDvIgw==

prettier@^3.4.2:
  version "3.4.2"
  resolved "https://registry.yarnpkg.com/prettier/-/prettier-3.4.2.tgz#a5ce1fb522a588bf2b78ca44c6e6fe5aa5a2b13f"
  integrity sha512-e9MewbtFo+Fevyuxn/4rrcDAaq0IYxPGLvObpQjiZBMAzB9IGmzlnG9RZy3FFas+eBMu2vA0CszMeduow5dIuQ==
